
Microsoft Visual Studio Solution File, Format Version 12.00
# Visual Studio Version 17
VisualStudioVersion = 17.13.36105.23
MinimumVisualStudioVersion = 10.0.40219.1
Project("{FAE04EC0-301F-11D3-BF4B-00C04F79EFBC}") = "WebApplication1", "WebApplication1\WebApplication1.csproj", "{0D9215C7-0359-4255-88EB-0CE09BE29E43}"
EndProject
Global
	GlobalSection(SolutionConfigurationPlatforms) = preSolution
		Debug|Any CPU = Debug|Any CPU
		Release|Any CPU = Release|Any CPU
	EndGlobalSection
	GlobalSection(ProjectConfigurationPlatforms) = postSolution
		{0D9215C7-0359-4255-88EB-0CE09BE29E43}.Debug|Any CPU.ActiveCfg = Debug|Any CPU
		{0D9215C7-0359-4255-88EB-0CE09BE29E43}.Debug|Any CPU.Build.0 = Debug|Any CPU
		{0D9215C7-0359-4255-88EB-0CE09BE29E43}.Release|Any CPU.ActiveCfg = Release|Any CPU
		{0D9215C7-0359-4255-88EB-0CE09BE29E43}.Release|Any CPU.Build.0 = Release|Any CPU
	EndGlobalSection
	GlobalSection(SolutionProperties) = preSolution
		HideSolutionNode = FALSE
	EndGlobalSection
	GlobalSection(ExtensibilityGlobals) = postSolution
		SolutionGuid = {54F71EDA-CB59-4F9E-BBE8-EC3227FE7674}
	EndGlobalSection
EndGlobal
